{
  "requires": true,
  "lockfileVersion": 1,
  "dependencies": {
    "winbox": {
      "version": "0.2.1",
      "resolved": "https://registry.npmjs.org/winbox/-/winbox-0.2.1.tgz",
      "integrity": "sha512-K3PY+y+aWpkCpECGF2TqSi4w+OT+cuJHWbOKBjVerpexmdC6Is5m4y0gZ9rbxU2K+GszE1nH+d2okMAQTG05hg=="
    }
  }
}
